
Microsoft Visual Studio Solution File, Format Version 12.00
# Visual Studio Version 16
VisualStudioVersion = 16.0.31112.23
MinimumVisualStudioVersion = 10.0.40219.1
Project("{2150E333-8FDC-42A3-9474-1A3956D46DE8}") = "Chapter02", "Chapter02", "{DB826993-BAA7-4469-864C-144C7DC14C9C}"
EndProject
Project("{FAE04EC0-301F-11D3-BF4B-00C04F79EFBC}") = "DistanceConverter", "DistanceConverter\DistanceConverter.csproj", "{02AF9CAE-2789-4D56-B852-0133B8F82ED5}"
EndProject
Project("{FAE04EC0-301F-11D3-BF4B-00C04F79EFBC}") = "SalesCalculator", "SalesCalculator\SalesCalculator.csproj", "{1C9F287B-B9DB-4054-8A74-177ECE407CFE}"
EndProject
Project("{FAE04EC0-301F-11D3-BF4B-00C04F79EFBC}") = "Exercise1", "Exercise1\Exercise1.csproj", "{40560D84-5F52-48CC-90F0-C17F775E3567}"
EndProject
Project("{2150E333-8FDC-42A3-9474-1A3956D46DE8}") = "Exercise", "Exercise", "{F03EF121-3F69-4F88-A5B6-07F9C0B53228}"
EndProject
Project("{FAE04EC0-301F-11D3-BF4B-00C04F79EFBC}") = "Exercise2", "Exercise2\Exercise2.csproj", "{F02005DB-2E04-409D-99E6-940A0556AA03}"
EndProject
Project("{FAE04EC0-301F-11D3-BF4B-00C04F79EFBC}") = "Exercise", "Exercise\Exercise.csproj", "{A925768C-C290-4C50-865C-9F4CDEFB0249}"
EndProject
Project("{FAE04EC0-301F-11D3-BF4B-00C04F79EFBC}") = "Exercise3", "Exercise3\Exercise3.csproj", "{28A29368-9237-4A9E-822B-47461AFB2E30}"
EndProject
Project("{2150E333-8FDC-42A3-9474-1A3956D46DE8}") = "Chapter03", "Chapter03", "{85BD13A2-4722-4127-AC7F-D88657847C20}"
EndProject
Project("{FAE04EC0-301F-11D3-BF4B-00C04F79EFBC}") = "Section01", "Section01\Section01.csproj", "{F8CA1201-26C5-4249-8B99-31B248C14CE4}"
EndProject
Project("{FAE04EC0-301F-11D3-BF4B-00C04F79EFBC}") = "Section01", "Chapter04\Section01\Section01.csproj", "{E8ACB571-8389-4D76-B587-ED64EADC47C6}"
EndProject
Project("{2150E333-8FDC-42A3-9474-1A3956D46DE8}") = "Chapter04", "Chapter04", "{5EF6D304-999C-4BCD-A753-5124F2822DF8}"
EndProject
Project("{FAE04EC0-301F-11D3-BF4B-00C04F79EFBC}") = "Exercise1", "Chapter04\Section01\Exercise1\Exercise1.csproj", "{7262D910-6A2F-4741-B70D-09016A4BCBA7}"
EndProject
Project("{2150E333-8FDC-42A3-9474-1A3956D46DE8}") = "Exercise", "Exercise", "{BDD86EBE-B3C0-4285-9488-EA732C2D2763}"
EndProject
Project("{FAE04EC0-301F-11D3-BF4B-00C04F79EFBC}") = "Exercise2", "Chapter04\Exercise\Exercise2\Exercise2.csproj", "{0CAD066E-DBA8-4064-8980-213619754355}"
EndProject
Project("{FAE04EC0-301F-11D3-BF4B-00C04F79EFBC}") = "Exercise1", "Chapter05\Exercise1\Exercise1.csproj", "{37A9630D-1C0C-4ADC-8A29-356BECFD34AD}"
EndProject
Project("{2150E333-8FDC-42A3-9474-1A3956D46DE8}") = "Chapter05", "Chapter05", "{2E05F10D-CAF1-4720-BE11-8783FAB64209}"
EndProject
Global
	GlobalSection(SolutionConfigurationPlatforms) = preSolution
		Debug|Any CPU = Debug|Any CPU
		Release|Any CPU = Release|Any CPU
	EndGlobalSection
	GlobalSection(ProjectConfigurationPlatforms) = postSolution
		{02AF9CAE-2789-4D56-B852-0133B8F82ED5}.Debug|Any CPU.ActiveCfg = Debug|Any CPU
		{02AF9CAE-2789-4D56-B852-0133B8F82ED5}.Debug|Any CPU.Build.0 = Debug|Any CPU
		{02AF9CAE-2789-4D56-B852-0133B8F82ED5}.Release|Any CPU.ActiveCfg = Release|Any CPU
		{02AF9CAE-2789-4D56-B852-0133B8F82ED5}.Release|Any CPU.Build.0 = Release|Any CPU
		{1C9F287B-B9DB-4054-8A74-177ECE407CFE}.Debug|Any CPU.ActiveCfg = Debug|Any CPU
		{1C9F287B-B9DB-4054-8A74-177ECE407CFE}.Debug|Any CPU.Build.0 = Debug|Any CPU
		{1C9F287B-B9DB-4054-8A74-177ECE407CFE}.Release|Any CPU.ActiveCfg = Release|Any CPU
		{1C9F287B-B9DB-4054-8A74-177ECE407CFE}.Release|Any CPU.Build.0 = Release|Any CPU
		{40560D84-5F52-48CC-90F0-C17F775E3567}.Debug|Any CPU.ActiveCfg = Debug|Any CPU
		{40560D84-5F52-48CC-90F0-C17F775E3567}.Debug|Any CPU.Build.0 = Debug|Any CPU
		{40560D84-5F52-48CC-90F0-C17F775E3567}.Release|Any CPU.ActiveCfg = Release|Any CPU
		{40560D84-5F52-48CC-90F0-C17F775E3567}.Release|Any CPU.Build.0 = Release|Any CPU
		{F02005DB-2E04-409D-99E6-940A0556AA03}.Debug|Any CPU.ActiveCfg = Debug|Any CPU
		{F02005DB-2E04-409D-99E6-940A0556AA03}.Debug|Any CPU.Build.0 = Debug|Any CPU
		{F02005DB-2E04-409D-99E6-940A0556AA03}.Release|Any CPU.ActiveCfg = Release|Any CPU
		{F02005DB-2E04-409D-99E6-940A0556AA03}.Release|Any CPU.Build.0 = Release|Any CPU
		{A925768C-C290-4C50-865C-9F4CDEFB0249}.Debug|Any CPU.ActiveCfg = Debug|Any CPU
		{A925768C-C290-4C50-865C-9F4CDEFB0249}.Debug|Any CPU.Build.0 = Debug|Any CPU
		{A925768C-C290-4C50-865C-9F4CDEFB0249}.Release|Any CPU.ActiveCfg = Release|Any CPU
		{A925768C-C290-4C50-865C-9F4CDEFB0249}.Release|Any CPU.Build.0 = Release|Any CPU
		{28A29368-9237-4A9E-822B-47461AFB2E30}.Debug|Any CPU.ActiveCfg = Debug|Any CPU
		{28A29368-9237-4A9E-822B-47461AFB2E30}.Debug|Any CPU.Build.0 = Debug|Any CPU
		{28A29368-9237-4A9E-822B-47461AFB2E30}.Release|Any CPU.ActiveCfg = Release|Any CPU
		{28A29368-9237-4A9E-822B-47461AFB2E30}.Release|Any CPU.Build.0 = Release|Any CPU
		{F8CA1201-26C5-4249-8B99-31B248C14CE4}.Debug|Any CPU.ActiveCfg = Debug|Any CPU
		{F8CA1201-26C5-4249-8B99-31B248C14CE4}.Debug|Any CPU.Build.0 = Debug|Any CPU
		{F8CA1201-26C5-4249-8B99-31B248C14CE4}.Release|Any CPU.ActiveCfg = Release|Any CPU
		{F8CA1201-26C5-4249-8B99-31B248C14CE4}.Release|Any CPU.Build.0 = Release|Any CPU
		{E8ACB571-8389-4D76-B587-ED64EADC47C6}.Debug|Any CPU.ActiveCfg = Debug|Any CPU
		{E8ACB571-8389-4D76-B587-ED64EADC47C6}.Debug|Any CPU.Build.0 = Debug|Any CPU
		{E8ACB571-8389-4D76-B587-ED64EADC47C6}.Release|Any CPU.ActiveCfg = Release|Any CPU
		{E8ACB571-8389-4D76-B587-ED64EADC47C6}.Release|Any CPU.Build.0 = Release|Any CPU
		{7262D910-6A2F-4741-B70D-09016A4BCBA7}.Debug|Any CPU.ActiveCfg = Debug|Any CPU
		{7262D910-6A2F-4741-B70D-09016A4BCBA7}.Debug|Any CPU.Build.0 = Debug|Any CPU
		{7262D910-6A2F-4741-B70D-09016A4BCBA7}.Release|Any CPU.ActiveCfg = Release|Any CPU
		{7262D910-6A2F-4741-B70D-09016A4BCBA7}.Release|Any CPU.Build.0 = Release|Any CPU
		{0CAD066E-DBA8-4064-8980-213619754355}.Debug|Any CPU.ActiveCfg = Debug|Any CPU
		{0CAD066E-DBA8-4064-8980-213619754355}.Debug|Any CPU.Build.0 = Debug|Any CPU
		{0CAD066E-DBA8-4064-8980-213619754355}.Release|Any CPU.ActiveCfg = Release|Any CPU
		{0CAD066E-DBA8-4064-8980-213619754355}.Release|Any CPU.Build.0 = Release|Any CPU
		{37A9630D-1C0C-4ADC-8A29-356BECFD34AD}.Debug|Any CPU.ActiveCfg = Debug|Any CPU
		{37A9630D-1C0C-4ADC-8A29-356BECFD34AD}.Debug|Any CPU.Build.0 = Debug|Any CPU
		{37A9630D-1C0C-4ADC-8A29-356BECFD34AD}.Release|Any CPU.ActiveCfg = Release|Any CPU
		{37A9630D-1C0C-4ADC-8A29-356BECFD34AD}.Release|Any CPU.Build.0 = Release|Any CPU
	EndGlobalSection
	GlobalSection(SolutionProperties) = preSolution
		HideSolutionNode = FALSE
	EndGlobalSection
	GlobalSection(NestedProjects) = preSolution
		{02AF9CAE-2789-4D56-B852-0133B8F82ED5} = {DB826993-BAA7-4469-864C-144C7DC14C9C}
		{1C9F287B-B9DB-4054-8A74-177ECE407CFE} = {DB826993-BAA7-4469-864C-144C7DC14C9C}
		{40560D84-5F52-48CC-90F0-C17F775E3567} = {F03EF121-3F69-4F88-A5B6-07F9C0B53228}
		{F03EF121-3F69-4F88-A5B6-07F9C0B53228} = {DB826993-BAA7-4469-864C-144C7DC14C9C}
		{F02005DB-2E04-409D-99E6-940A0556AA03} = {F03EF121-3F69-4F88-A5B6-07F9C0B53228}
		{A925768C-C290-4C50-865C-9F4CDEFB0249} = {F03EF121-3F69-4F88-A5B6-07F9C0B53228}
		{28A29368-9237-4A9E-822B-47461AFB2E30} = {F03EF121-3F69-4F88-A5B6-07F9C0B53228}
		{F8CA1201-26C5-4249-8B99-31B248C14CE4} = {85BD13A2-4722-4127-AC7F-D88657847C20}
		{E8ACB571-8389-4D76-B587-ED64EADC47C6} = {5EF6D304-999C-4BCD-A753-5124F2822DF8}
		{7262D910-6A2F-4741-B70D-09016A4BCBA7} = {BDD86EBE-B3C0-4285-9488-EA732C2D2763}
		{BDD86EBE-B3C0-4285-9488-EA732C2D2763} = {5EF6D304-999C-4BCD-A753-5124F2822DF8}
		{0CAD066E-DBA8-4064-8980-213619754355} = {BDD86EBE-B3C0-4285-9488-EA732C2D2763}
		{37A9630D-1C0C-4ADC-8A29-356BECFD34AD} = {2E05F10D-CAF1-4720-BE11-8783FAB64209}
	EndGlobalSection
	GlobalSection(ExtensibilityGlobals) = postSolution
		SolutionGuid = {B52B9860-1BA7-415F-BBA8-AF9C094328CE}
	EndGlobalSection
EndGlobal
